
Microsoft Visual Studio Solution File, Format Version 12.00
# Visual Studio Version 17
VisualStudioVersion = 17.4.33213.308
MinimumVisualStudioVersion = 10.0.40219.1
Project("{FAE04EC0-301F-11D3-BF4B-00C04F79EFBC}") = "MODUL3_1302213011", "MODUL3_1302213011\MODUL3_1302213011.csproj", "{DA22B459-FFD1-43B1-9197-2B9D6FF9A38D}"
EndProject
Global
	GlobalSection(SolutionConfigurationPlatforms) = preSolution
		Debug|Any CPU = Debug|Any CPU
		Release|Any CPU = Release|Any CPU
	EndGlobalSection
	GlobalSection(ProjectConfigurationPlatforms) = postSolution
		{DA22B459-FFD1-43B1-9197-2B9D6FF9A38D}.Debug|Any CPU.ActiveCfg = Debug|Any CPU
		{DA22B459-FFD1-43B1-9197-2B9D6FF9A38D}.Debug|Any CPU.Build.0 = Debug|Any CPU
		{DA22B459-FFD1-43B1-9197-2B9D6FF9A38D}.Release|Any CPU.ActiveCfg = Release|Any CPU
		{DA22B459-FFD1-43B1-9197-2B9D6FF9A38D}.Release|Any CPU.Build.0 = Release|Any CPU
	EndGlobalSection
	GlobalSection(SolutionProperties) = preSolution
		HideSolutionNode = FALSE
	EndGlobalSection
	GlobalSection(ExtensibilityGlobals) = postSolution
		SolutionGuid = {7E52D614-CF08-4FAD-9480-41860934776F}
	EndGlobalSection
EndGlobal
